
Microsoft Visual Studio Solution File, Format Version 10.00
# Visual Studio 2008
Project("{FAE04EC0-301F-11D3-BF4B-00C04F79EFBC}") = "EPF.WebUI", "Presentation\EPF.WebUI\EPF.WebUI.csproj", "{7E00E11A-586D-431C-8389-77F7874F1499}"
	ProjectSection(ProjectDependencies) = postProject
		{9D515680-DF10-48F6-BB9E-2ECA4DC6ABFA} = {9D515680-DF10-48F6-BB9E-2ECA4DC6ABFA}
	EndProjectSection
EndProject
Project("{FAE04EC0-301F-11D3-BF4B-00C04F79EFBC}") = "EPF.BL", "Business\EPF.BL\EPF.BL.csproj", "{96071386-2510-4AA2-9559-46F327D8D677}"
EndProject
Project("{FAE04EC0-301F-11D3-BF4B-00C04F79EFBC}") = "EPF.BL.Entities", "Business\EPF.BL.Entities\EPF.BL.Entities.csproj", "{F537C418-8E05-4759-BC55-3B98587B7915}"
EndProject
Project("{FAE04EC0-301F-11D3-BF4B-00C04F79EFBC}") = "EPF.DAL", "Data\EPF.DAL\EPF.DAL.csproj", "{9A6C1F46-9508-47B6-BE2B-20E155979D14}"
EndProject
Project("{2150E333-8FDC-42A3-9474-1A3956D46DE8}") = "Business", "Business", "{6E26B9BF-1A57-4975-9B38-4D5D46FD280E}"
EndProject
Project("{2150E333-8FDC-42A3-9474-1A3956D46DE8}") = "Services", "Services", "{71F71AFE-81F7-4989-A064-AFAC04C8A9A0}"
EndProject
Project("{2150E333-8FDC-42A3-9474-1A3956D46DE8}") = "Data", "Data", "{C012BA6C-BA92-49FC-84AF-A75544E8FA1C}"
EndProject
Project("{2150E333-8FDC-42A3-9474-1A3956D46DE8}") = "Presentation", "Presentation", "{166FA296-A506-4244-A4C4-9ED41B9C9747}"
EndProject
Project("{FAE04EC0-301F-11D3-BF4B-00C04F79EFBC}") = "EPF.Service", "Services\EPF.Service\EPF.Service\EPF.Service.csproj", "{9D515680-DF10-48F6-BB9E-2ECA4DC6ABFA}"
EndProject
Project("{FAE04EC0-301F-11D3-BF4B-00C04F79EFBC}") = "Int.Util", "Int.Util\Int.Util.csproj", "{D66E84DB-A139-44F2-95CF-AF7161C37709}"
EndProject
Project("{2150E333-8FDC-42A3-9474-1A3956D46DE8}") = "Utility", "Utility", "{2CA11A8D-6176-49D1-8EDB-A7BC484BED48}"
EndProject
Global
	GlobalSection(SolutionConfigurationPlatforms) = preSolution
		Debug|Any CPU = Debug|Any CPU
		Release|Any CPU = Release|Any CPU
	EndGlobalSection
	GlobalSection(ProjectConfigurationPlatforms) = postSolution
		{7E00E11A-586D-431C-8389-77F7874F1499}.Debug|Any CPU.ActiveCfg = Debug|Any CPU
		{7E00E11A-586D-431C-8389-77F7874F1499}.Debug|Any CPU.Build.0 = Debug|Any CPU
		{7E00E11A-586D-431C-8389-77F7874F1499}.Release|Any CPU.ActiveCfg = Release|Any CPU
		{7E00E11A-586D-431C-8389-77F7874F1499}.Release|Any CPU.Build.0 = Release|Any CPU
		{96071386-2510-4AA2-9559-46F327D8D677}.Debug|Any CPU.ActiveCfg = Debug|Any CPU
		{96071386-2510-4AA2-9559-46F327D8D677}.Debug|Any CPU.Build.0 = Debug|Any CPU
		{96071386-2510-4AA2-9559-46F327D8D677}.Release|Any CPU.ActiveCfg = Release|Any CPU
		{96071386-2510-4AA2-9559-46F327D8D677}.Release|Any CPU.Build.0 = Release|Any CPU
		{F537C418-8E05-4759-BC55-3B98587B7915}.Debug|Any CPU.ActiveCfg = Debug|Any CPU
		{F537C418-8E05-4759-BC55-3B98587B7915}.Debug|Any CPU.Build.0 = Debug|Any CPU
		{F537C418-8E05-4759-BC55-3B98587B7915}.Release|Any CPU.ActiveCfg = Release|Any CPU
		{F537C418-8E05-4759-BC55-3B98587B7915}.Release|Any CPU.Build.0 = Release|Any CPU
		{9A6C1F46-9508-47B6-BE2B-20E155979D14}.Debug|Any CPU.ActiveCfg = Debug|Any CPU
		{9A6C1F46-9508-47B6-BE2B-20E155979D14}.Debug|Any CPU.Build.0 = Debug|Any CPU
		{9A6C1F46-9508-47B6-BE2B-20E155979D14}.Release|Any CPU.ActiveCfg = Release|Any CPU
		{9A6C1F46-9508-47B6-BE2B-20E155979D14}.Release|Any CPU.Build.0 = Release|Any CPU
		{9D515680-DF10-48F6-BB9E-2ECA4DC6ABFA}.Debug|Any CPU.ActiveCfg = Debug|Any CPU
		{9D515680-DF10-48F6-BB9E-2ECA4DC6ABFA}.Debug|Any CPU.Build.0 = Debug|Any CPU
		{9D515680-DF10-48F6-BB9E-2ECA4DC6ABFA}.Release|Any CPU.ActiveCfg = Release|Any CPU
		{9D515680-DF10-48F6-BB9E-2ECA4DC6ABFA}.Release|Any CPU.Build.0 = Release|Any CPU
		{D66E84DB-A139-44F2-95CF-AF7161C37709}.Debug|Any CPU.ActiveCfg = Debug|Any CPU
		{D66E84DB-A139-44F2-95CF-AF7161C37709}.Debug|Any CPU.Build.0 = Debug|Any CPU
		{D66E84DB-A139-44F2-95CF-AF7161C37709}.Release|Any CPU.ActiveCfg = Release|Any CPU
		{D66E84DB-A139-44F2-95CF-AF7161C37709}.Release|Any CPU.Build.0 = Release|Any CPU
	EndGlobalSection
	GlobalSection(SolutionProperties) = preSolution
		HideSolutionNode = FALSE
	EndGlobalSection
	GlobalSection(NestedProjects) = preSolution
		{7E00E11A-586D-431C-8389-77F7874F1499} = {166FA296-A506-4244-A4C4-9ED41B9C9747}
		{F537C418-8E05-4759-BC55-3B98587B7915} = {6E26B9BF-1A57-4975-9B38-4D5D46FD280E}
		{96071386-2510-4AA2-9559-46F327D8D677} = {6E26B9BF-1A57-4975-9B38-4D5D46FD280E}
		{9A6C1F46-9508-47B6-BE2B-20E155979D14} = {C012BA6C-BA92-49FC-84AF-A75544E8FA1C}
		{9D515680-DF10-48F6-BB9E-2ECA4DC6ABFA} = {71F71AFE-81F7-4989-A064-AFAC04C8A9A0}
		{D66E84DB-A139-44F2-95CF-AF7161C37709} = {2CA11A8D-6176-49D1-8EDB-A7BC484BED48}
	EndGlobalSection
EndGlobal
